
Microsoft Visual Studio Solution File, Format Version 12.00
# Visual Studio Version 17
VisualStudioVersion = 17.3.32929.385
MinimumVisualStudioVersion = 10.0.40219.1
Project("{FAE04EC0-301F-11D3-BF4B-00C04F79EFBC}") = "RockPaperScissorsGame", "RockPaperScissorsGame\RockPaperScissorsGame.csproj", "{7DF3BF75-EECE-4FF0-A78A-CB78F0B8B560}"
EndProject
Global
	GlobalSection(SolutionConfigurationPlatforms) = preSolution
		Debug|Any CPU = Debug|Any CPU
		Release|Any CPU = Release|Any CPU
	EndGlobalSection
	GlobalSection(ProjectConfigurationPlatforms) = postSolution
		{7DF3BF75-EECE-4FF0-A78A-CB78F0B8B560}.Debug|Any CPU.ActiveCfg = Debug|Any CPU
		{7DF3BF75-EECE-4FF0-A78A-CB78F0B8B560}.Debug|Any CPU.Build.0 = Debug|Any CPU
		{7DF3BF75-EECE-4FF0-A78A-CB78F0B8B560}.Release|Any CPU.ActiveCfg = Release|Any CPU
		{7DF3BF75-EECE-4FF0-A78A-CB78F0B8B560}.Release|Any CPU.Build.0 = Release|Any CPU
	EndGlobalSection
	GlobalSection(SolutionProperties) = preSolution
		HideSolutionNode = FALSE
	EndGlobalSection
	GlobalSection(ExtensibilityGlobals) = postSolution
		SolutionGuid = {2471C331-A882-4E4E-B7FD-6D1DFD6B819C}
	EndGlobalSection
EndGlobal
